
Microsoft Visual Studio Solution File, Format Version 12.00
# Visual Studio Version 16
VisualStudioVersion = 16.0.29519.181
MinimumVisualStudioVersion = 10.0.40219.1
Project("{8BC9CEB8-8B4A-11D0-8D11-00A0C91BC942}") = "game", "game\game.vcxproj", "{715E991F-9555-45D3-A1FB-BD7D1A61EAC2}"
EndProject
Global
	GlobalSection(SolutionConfigurationPlatforms) = preSolution
		Debug|x64 = Debug|x64
		Debug|x86 = Debug|x86
		Release|x64 = Release|x64
		Release|x86 = Release|x86
	EndGlobalSection
	GlobalSection(ProjectConfigurationPlatforms) = postSolution
		{715E991F-9555-45D3-A1FB-BD7D1A61EAC2}.Debug|x64.ActiveCfg = Debug|x64
		{715E991F-9555-45D3-A1FB-BD7D1A61EAC2}.Debug|x64.Build.0 = Debug|x64
		{715E991F-9555-45D3-A1FB-BD7D1A61EAC2}.Debug|x86.ActiveCfg = Debug|Win32
		{715E991F-9555-45D3-A1FB-BD7D1A61EAC2}.Debug|x86.Build.0 = Debug|Win32
		{715E991F-9555-45D3-A1FB-BD7D1A61EAC2}.Release|x64.ActiveCfg = Release|x64
		{715E991F-9555-45D3-A1FB-BD7D1A61EAC2}.Release|x64.Build.0 = Release|x64
		{715E991F-9555-45D3-A1FB-BD7D1A61EAC2}.Release|x86.ActiveCfg = Release|Win32
		{715E991F-9555-45D3-A1FB-BD7D1A61EAC2}.Release|x86.Build.0 = Release|Win32
	EndGlobalSection
	GlobalSection(SolutionProperties) = preSolution
		HideSolutionNode = FALSE
	EndGlobalSection
	GlobalSection(ExtensibilityGlobals) = postSolution
		SolutionGuid = {7B57BF3C-32AA-452C-B172-DC87FB5DD18F}
	EndGlobalSection
EndGlobal
